
Microsoft Visual Studio Solution File, Format Version 12.00
# Visual Studio Version 16
VisualStudioVersion = 16.0.34114.132
MinimumVisualStudioVersion = 10.0.40219.1
Project("{FAE04EC0-301F-11D3-BF4B-00C04F79EFBC}") = "Syrk_Lab6", "Syrk_Lab6\Syrk_Lab6.csproj", "{ADDD46C9-28A9-4FA8-9193-E931FF95ED81}"
EndProject
Global
	GlobalSection(SolutionConfigurationPlatforms) = preSolution
		Debug|Any CPU = Debug|Any CPU
		Release|Any CPU = Release|Any CPU
	EndGlobalSection
	GlobalSection(ProjectConfigurationPlatforms) = postSolution
		{ADDD46C9-28A9-4FA8-9193-E931FF95ED81}.Debug|Any CPU.ActiveCfg = Debug|Any CPU
		{ADDD46C9-28A9-4FA8-9193-E931FF95ED81}.Debug|Any CPU.Build.0 = Debug|Any CPU
		{ADDD46C9-28A9-4FA8-9193-E931FF95ED81}.Release|Any CPU.ActiveCfg = Release|Any CPU
		{ADDD46C9-28A9-4FA8-9193-E931FF95ED81}.Release|Any CPU.Build.0 = Release|Any CPU
	EndGlobalSection
	GlobalSection(SolutionProperties) = preSolution
		HideSolutionNode = FALSE
	EndGlobalSection
	GlobalSection(ExtensibilityGlobals) = postSolution
		SolutionGuid = {E5A69D41-2D82-44F2-9A3D-362FD3ED9BCD}
	EndGlobalSection
EndGlobal
